
Microsoft Visual Studio Solution File, Format Version 12.00
# Visual Studio Version 17
VisualStudioVersion = 17.7.34031.279
MinimumVisualStudioVersion = 10.0.40219.1
Project("{9A19103F-16F7-4668-BE54-9A1E7A4F7556}") = "TonWalletApi", "TonWalletApi\TonWalletApi.csproj", "{7107B46C-E88D-497E-AFD2-E66BD61392B0}"
EndProject
Project("{9A19103F-16F7-4668-BE54-9A1E7A4F7556}") = "TonWalletBot", "TonWalletBot\TonWalletBot.csproj", "{4387F1BC-8753-4E5B-859A-8BCDFA2D3E88}"
EndProject
Project("{9A19103F-16F7-4668-BE54-9A1E7A4F7556}") = "TonWallet.Domain", "TonWallet.Domain\TonWallet.Domain.csproj", "{1DD12107-5A34-484A-A556-FC2DD8DCEDCE}"
EndProject
Project("{9A19103F-16F7-4668-BE54-9A1E7A4F7556}") = "TonWallet.Infrastructure", "TonWallet.Infrastructure\TonWallet.Infrastructure.csproj", "{7F93F930-C5D9-4E04-997F-ABB62ECB66C9}"
EndProject
Global
	GlobalSection(SolutionConfigurationPlatforms) = preSolution
		Debug|Any CPU = Debug|Any CPU
		Release|Any CPU = Release|Any CPU
	EndGlobalSection
	GlobalSection(ProjectConfigurationPlatforms) = postSolution
		{7107B46C-E88D-497E-AFD2-E66BD61392B0}.Debug|Any CPU.ActiveCfg = Debug|Any CPU
		{7107B46C-E88D-497E-AFD2-E66BD61392B0}.Debug|Any CPU.Build.0 = Debug|Any CPU
		{7107B46C-E88D-497E-AFD2-E66BD61392B0}.Release|Any CPU.ActiveCfg = Release|Any CPU
		{7107B46C-E88D-497E-AFD2-E66BD61392B0}.Release|Any CPU.Build.0 = Release|Any CPU
		{4387F1BC-8753-4E5B-859A-8BCDFA2D3E88}.Debug|Any CPU.ActiveCfg = Debug|Any CPU
		{4387F1BC-8753-4E5B-859A-8BCDFA2D3E88}.Debug|Any CPU.Build.0 = Debug|Any CPU
		{4387F1BC-8753-4E5B-859A-8BCDFA2D3E88}.Release|Any CPU.ActiveCfg = Release|Any CPU
		{4387F1BC-8753-4E5B-859A-8BCDFA2D3E88}.Release|Any CPU.Build.0 = Release|Any CPU
		{1DD12107-5A34-484A-A556-FC2DD8DCEDCE}.Debug|Any CPU.ActiveCfg = Debug|Any CPU
		{1DD12107-5A34-484A-A556-FC2DD8DCEDCE}.Debug|Any CPU.Build.0 = Debug|Any CPU
		{1DD12107-5A34-484A-A556-FC2DD8DCEDCE}.Release|Any CPU.ActiveCfg = Release|Any CPU
		{1DD12107-5A34-484A-A556-FC2DD8DCEDCE}.Release|Any CPU.Build.0 = Release|Any CPU
		{7F93F930-C5D9-4E04-997F-ABB62ECB66C9}.Debug|Any CPU.ActiveCfg = Debug|Any CPU
		{7F93F930-C5D9-4E04-997F-ABB62ECB66C9}.Debug|Any CPU.Build.0 = Debug|Any CPU
		{7F93F930-C5D9-4E04-997F-ABB62ECB66C9}.Release|Any CPU.ActiveCfg = Release|Any CPU
		{7F93F930-C5D9-4E04-997F-ABB62ECB66C9}.Release|Any CPU.Build.0 = Release|Any CPU
	EndGlobalSection
	GlobalSection(SolutionProperties) = preSolution
		HideSolutionNode = FALSE
	EndGlobalSection
	GlobalSection(ExtensibilityGlobals) = postSolution
		SolutionGuid = {F28B6F73-B119-4B72-A4CB-49D2EFDDCB04}
	EndGlobalSection
EndGlobal
